
Microsoft Visual Studio Solution File, Format Version 12.00
# Visual Studio Version 16
VisualStudioVersion = 16.0.30523.141
MinimumVisualStudioVersion = 10.0.40219.1
Project("{FAE04EC0-301F-11D3-BF4B-00C04F79EFBC}") = "DemoHolamundo2", "DemoHolamundo2\DemoHolamundo2.csproj", "{365C235F-F6F1-4E8B-A6A8-F5EA1D8252A5}"
EndProject
Project("{FAE04EC0-301F-11D3-BF4B-00C04F79EFBC}") = "UnitTestProject1", "UnitTestProject1\UnitTestProject1.csproj", "{1303B69C-C72A-412E-8A81-755197F4FEBA}"
EndProject
Global
	GlobalSection(SolutionConfigurationPlatforms) = preSolution
		Debug|Any CPU = Debug|Any CPU
		Release|Any CPU = Release|Any CPU
	EndGlobalSection
	GlobalSection(ProjectConfigurationPlatforms) = postSolution
		{365C235F-F6F1-4E8B-A6A8-F5EA1D8252A5}.Debug|Any CPU.ActiveCfg = Debug|Any CPU
		{365C235F-F6F1-4E8B-A6A8-F5EA1D8252A5}.Debug|Any CPU.Build.0 = Debug|Any CPU
		{365C235F-F6F1-4E8B-A6A8-F5EA1D8252A5}.Release|Any CPU.ActiveCfg = Release|Any CPU
		{365C235F-F6F1-4E8B-A6A8-F5EA1D8252A5}.Release|Any CPU.Build.0 = Release|Any CPU
		{1303B69C-C72A-412E-8A81-755197F4FEBA}.Debug|Any CPU.ActiveCfg = Debug|Any CPU
		{1303B69C-C72A-412E-8A81-755197F4FEBA}.Debug|Any CPU.Build.0 = Debug|Any CPU
		{1303B69C-C72A-412E-8A81-755197F4FEBA}.Release|Any CPU.ActiveCfg = Release|Any CPU
		{1303B69C-C72A-412E-8A81-755197F4FEBA}.Release|Any CPU.Build.0 = Release|Any CPU
	EndGlobalSection
	GlobalSection(SolutionProperties) = preSolution
		HideSolutionNode = FALSE
	EndGlobalSection
	GlobalSection(ExtensibilityGlobals) = postSolution
		SolutionGuid = {E0C0B8B1-FC62-4868-B815-73223C423746}
	EndGlobalSection
EndGlobal
